
Microsoft Visual Studio Solution File, Format Version 12.00
# Visual Studio 15
VisualStudioVersion = 15.0.28307.960
MinimumVisualStudioVersion = 10.0.40219.1
Project("{FAE04EC0-301F-11D3-BF4B-00C04F79EFBC}") = "Reversi", "Reversi\Reversi.csproj", "{63CB4779-F55A-4EE3-971F-3873B0A099AA}"
EndProject
Global
	GlobalSection(SolutionConfigurationPlatforms) = preSolution
		Debug|Any CPU = Debug|Any CPU
		Release|Any CPU = Release|Any CPU
	EndGlobalSection
	GlobalSection(ProjectConfigurationPlatforms) = postSolution
		{63CB4779-F55A-4EE3-971F-3873B0A099AA}.Debug|Any CPU.ActiveCfg = Debug|Any CPU
		{63CB4779-F55A-4EE3-971F-3873B0A099AA}.Debug|Any CPU.Build.0 = Debug|Any CPU
		{63CB4779-F55A-4EE3-971F-3873B0A099AA}.Release|Any CPU.ActiveCfg = Release|Any CPU
		{63CB4779-F55A-4EE3-971F-3873B0A099AA}.Release|Any CPU.Build.0 = Release|Any CPU
	EndGlobalSection
	GlobalSection(SolutionProperties) = preSolution
		HideSolutionNode = FALSE
	EndGlobalSection
	GlobalSection(ExtensibilityGlobals) = postSolution
		SolutionGuid = {45441393-F45D-4C67-B073-366AAC8B1D5A}
	EndGlobalSection
EndGlobal
